{
    "_meta": {
        "hash": {
            "sha256": "d8a791719bc22839537828fc94d64448378e391e12cda400f46528baec1ba39a"
        },
        "pipfile-spec": 6,
        "requires": {
            "python_version": "3.6"
        },
        "sources": [
            {
                "name": "pypi",
                "url": "https://pypi.org/simple",
                "verify_ssl": true
            }
        ]
    },
    "default": {
        "hydra-base": {
            "git": "https://github.com/hydraplatform/hydra-base.git",
            "ref": "7b69a2e3911793b0b8f39b78858be688b814122a"
        },
        "hydra-server": {
            "git": "https://github.com/hydraplatform/hydra-server.git",
            "ref": "20d8990ee931696b3b1c5ece974d28136d0ab84a"
        },
        "spyne": {
            "git": "https://github.com/arskom/spyne.git",
            "ref": "e36e7dd8e8317c998c1d06e159fa4af92e15cb58"
        }
    },
    "develop": {}
}
